
Microsoft Visual Studio Solution File, Format Version 12.00
# Visual Studio Version 17
VisualStudioVersion = 17.7.34031.279
MinimumVisualStudioVersion = 10.0.40219.1
Project("{8BC9CEB8-8B4A-11D0-8D11-00A0C91BC942}") = "test_ldr", "project\test_ldr\test_ldr.vcxproj", "{B002980B-E0C1-402B-8EB1-E6CA4798D597}"
	ProjectSection(ProjectDependencies) = postProject
		{5AAABEF6-D447-4FEB-86FB-B22D7FD2ADC4} = {5AAABEF6-D447-4FEB-86FB-B22D7FD2ADC4}
		{6EEEB2DD-6C30-4567-9673-6219ADEC05F3} = {6EEEB2DD-6C30-4567-9673-6219ADEC05F3}
	EndProjectSection
EndProject
Project("{8BC9CEB8-8B4A-11D0-8D11-00A0C91BC942}") = "test_ldr_dll", "project\test_ldr_dll\test_ldr_dll.vcxproj", "{6EEEB2DD-6C30-4567-9673-6219ADEC05F3}"
EndProject
Project("{2150E333-8FDC-42A3-9474-1A3956D46DE8}") = "load", "load", "{8A01FF9F-F687-4FA2-9059-109F69EB053A}"
EndProject
Project("{8BC9CEB8-8B4A-11D0-8D11-00A0C91BC942}") = "test_addon", "project\test_addon\test_addon.vcxproj", "{5AAABEF6-D447-4FEB-86FB-B22D7FD2ADC4}"
EndProject
Project("{8BC9CEB8-8B4A-11D0-8D11-00A0C91BC942}") = "test_export", "project\test_export\test_export.vcxproj", "{A737DF51-45DC-445E-A0DA-AE1CB6A016FA}"
EndProject
Project("{8BC9CEB8-8B4A-11D0-8D11-00A0C91BC942}") = "test_clf", "project\test_clf\test_clf.vcxproj", "{49E9EAB3-7B33-42EA-A0DA-6735EC75F975}"
EndProject
Project("{8BC9CEB8-8B4A-11D0-8D11-00A0C91BC942}") = "test_clang", "project\test_clang\test_clang.vcxproj", "{FD90850B-6F4E-4B68-8AC5-4484DA8B06AE}"
EndProject
Project("{8BC9CEB8-8B4A-11D0-8D11-00A0C91BC942}") = "test_map", "project\test_map\test_map.vcxproj", "{D1F296EA-3BE7-4E63-86C4-B15080177073}"
EndProject
Project("{8BC9CEB8-8B4A-11D0-8D11-00A0C91BC942}") = "test_packer", "project\test_packer\test_packer.vcxproj", "{675BE795-7CEC-48E5-9D5D-2C19E973E898}"
EndProject
Global
	GlobalSection(SolutionConfigurationPlatforms) = preSolution
		Debug|x64 = Debug|x64
		Debug|x86 = Debug|x86
		Release|x64 = Release|x64
		Release|x86 = Release|x86
	EndGlobalSection
	GlobalSection(ProjectConfigurationPlatforms) = postSolution
		{B002980B-E0C1-402B-8EB1-E6CA4798D597}.Debug|x64.ActiveCfg = Release|x64
		{B002980B-E0C1-402B-8EB1-E6CA4798D597}.Debug|x64.Build.0 = Release|x64
		{B002980B-E0C1-402B-8EB1-E6CA4798D597}.Debug|x86.ActiveCfg = Release|Win32
		{B002980B-E0C1-402B-8EB1-E6CA4798D597}.Debug|x86.Build.0 = Release|Win32
		{B002980B-E0C1-402B-8EB1-E6CA4798D597}.Release|x64.ActiveCfg = Release|x64
		{B002980B-E0C1-402B-8EB1-E6CA4798D597}.Release|x64.Build.0 = Release|x64
		{B002980B-E0C1-402B-8EB1-E6CA4798D597}.Release|x86.ActiveCfg = Release|Win32
		{B002980B-E0C1-402B-8EB1-E6CA4798D597}.Release|x86.Build.0 = Release|Win32
		{6EEEB2DD-6C30-4567-9673-6219ADEC05F3}.Debug|x64.ActiveCfg = Release|x64
		{6EEEB2DD-6C30-4567-9673-6219ADEC05F3}.Debug|x64.Build.0 = Release|x64
		{6EEEB2DD-6C30-4567-9673-6219ADEC05F3}.Debug|x86.ActiveCfg = Release|Win32
		{6EEEB2DD-6C30-4567-9673-6219ADEC05F3}.Debug|x86.Build.0 = Release|Win32
		{6EEEB2DD-6C30-4567-9673-6219ADEC05F3}.Release|x64.ActiveCfg = Release|x64
		{6EEEB2DD-6C30-4567-9673-6219ADEC05F3}.Release|x64.Build.0 = Release|x64
		{6EEEB2DD-6C30-4567-9673-6219ADEC05F3}.Release|x86.ActiveCfg = Release|Win32
		{6EEEB2DD-6C30-4567-9673-6219ADEC05F3}.Release|x86.Build.0 = Release|Win32
		{5AAABEF6-D447-4FEB-86FB-B22D7FD2ADC4}.Debug|x64.ActiveCfg = Release|x64
		{5AAABEF6-D447-4FEB-86FB-B22D7FD2ADC4}.Debug|x64.Build.0 = Release|x64
		{5AAABEF6-D447-4FEB-86FB-B22D7FD2ADC4}.Debug|x86.ActiveCfg = Release|Win32
		{5AAABEF6-D447-4FEB-86FB-B22D7FD2ADC4}.Debug|x86.Build.0 = Release|Win32
		{5AAABEF6-D447-4FEB-86FB-B22D7FD2ADC4}.Release|x64.ActiveCfg = Release|x64
		{5AAABEF6-D447-4FEB-86FB-B22D7FD2ADC4}.Release|x64.Build.0 = Release|x64
		{5AAABEF6-D447-4FEB-86FB-B22D7FD2ADC4}.Release|x86.ActiveCfg = Release|Win32
		{5AAABEF6-D447-4FEB-86FB-B22D7FD2ADC4}.Release|x86.Build.0 = Release|Win32
		{A737DF51-45DC-445E-A0DA-AE1CB6A016FA}.Debug|x64.ActiveCfg = Release|x64
		{A737DF51-45DC-445E-A0DA-AE1CB6A016FA}.Debug|x64.Build.0 = Release|x64
		{A737DF51-45DC-445E-A0DA-AE1CB6A016FA}.Debug|x86.ActiveCfg = Release|Win32
		{A737DF51-45DC-445E-A0DA-AE1CB6A016FA}.Debug|x86.Build.0 = Release|Win32
		{A737DF51-45DC-445E-A0DA-AE1CB6A016FA}.Release|x64.ActiveCfg = Release|x64
		{A737DF51-45DC-445E-A0DA-AE1CB6A016FA}.Release|x64.Build.0 = Release|x64
		{A737DF51-45DC-445E-A0DA-AE1CB6A016FA}.Release|x86.ActiveCfg = Release|Win32
		{A737DF51-45DC-445E-A0DA-AE1CB6A016FA}.Release|x86.Build.0 = Release|Win32
		{49E9EAB3-7B33-42EA-A0DA-6735EC75F975}.Debug|x64.ActiveCfg = Release|x64
		{49E9EAB3-7B33-42EA-A0DA-6735EC75F975}.Debug|x64.Build.0 = Release|x64
		{49E9EAB3-7B33-42EA-A0DA-6735EC75F975}.Debug|x86.ActiveCfg = Release|Win32
		{49E9EAB3-7B33-42EA-A0DA-6735EC75F975}.Debug|x86.Build.0 = Release|Win32
		{49E9EAB3-7B33-42EA-A0DA-6735EC75F975}.Release|x64.ActiveCfg = Release|x64
		{49E9EAB3-7B33-42EA-A0DA-6735EC75F975}.Release|x64.Build.0 = Release|x64
		{49E9EAB3-7B33-42EA-A0DA-6735EC75F975}.Release|x86.ActiveCfg = Release|Win32
		{49E9EAB3-7B33-42EA-A0DA-6735EC75F975}.Release|x86.Build.0 = Release|Win32
		{FD90850B-6F4E-4B68-8AC5-4484DA8B06AE}.Debug|x64.ActiveCfg = Release|x64
		{FD90850B-6F4E-4B68-8AC5-4484DA8B06AE}.Debug|x64.Build.0 = Release|x64
		{FD90850B-6F4E-4B68-8AC5-4484DA8B06AE}.Debug|x86.ActiveCfg = Release|Win32
		{FD90850B-6F4E-4B68-8AC5-4484DA8B06AE}.Debug|x86.Build.0 = Release|Win32
		{FD90850B-6F4E-4B68-8AC5-4484DA8B06AE}.Release|x64.ActiveCfg = Release|x64
		{FD90850B-6F4E-4B68-8AC5-4484DA8B06AE}.Release|x64.Build.0 = Release|x64
		{FD90850B-6F4E-4B68-8AC5-4484DA8B06AE}.Release|x86.ActiveCfg = Release|Win32
		{FD90850B-6F4E-4B68-8AC5-4484DA8B06AE}.Release|x86.Build.0 = Release|Win32
		{D1F296EA-3BE7-4E63-86C4-B15080177073}.Debug|x64.ActiveCfg = Release|x64
		{D1F296EA-3BE7-4E63-86C4-B15080177073}.Debug|x64.Build.0 = Release|x64
		{D1F296EA-3BE7-4E63-86C4-B15080177073}.Debug|x86.ActiveCfg = Release|Win32
		{D1F296EA-3BE7-4E63-86C4-B15080177073}.Debug|x86.Build.0 = Release|Win32
		{D1F296EA-3BE7-4E63-86C4-B15080177073}.Release|x64.ActiveCfg = Release|x64
		{D1F296EA-3BE7-4E63-86C4-B15080177073}.Release|x64.Build.0 = Release|x64
		{D1F296EA-3BE7-4E63-86C4-B15080177073}.Release|x86.ActiveCfg = Release|Win32
		{D1F296EA-3BE7-4E63-86C4-B15080177073}.Release|x86.Build.0 = Release|Win32
		{675BE795-7CEC-48E5-9D5D-2C19E973E898}.Debug|x64.ActiveCfg = Debug|x64
		{675BE795-7CEC-48E5-9D5D-2C19E973E898}.Debug|x64.Build.0 = Debug|x64
		{675BE795-7CEC-48E5-9D5D-2C19E973E898}.Debug|x86.ActiveCfg = Debug|Win32
		{675BE795-7CEC-48E5-9D5D-2C19E973E898}.Debug|x86.Build.0 = Debug|Win32
		{675BE795-7CEC-48E5-9D5D-2C19E973E898}.Release|x64.ActiveCfg = Release|x64
		{675BE795-7CEC-48E5-9D5D-2C19E973E898}.Release|x64.Build.0 = Release|x64
		{675BE795-7CEC-48E5-9D5D-2C19E973E898}.Release|x86.ActiveCfg = Release|Win32
		{675BE795-7CEC-48E5-9D5D-2C19E973E898}.Release|x86.Build.0 = Release|Win32
	EndGlobalSection
	GlobalSection(SolutionProperties) = preSolution
		HideSolutionNode = FALSE
	EndGlobalSection
	GlobalSection(NestedProjects) = preSolution
		{B002980B-E0C1-402B-8EB1-E6CA4798D597} = {8A01FF9F-F687-4FA2-9059-109F69EB053A}
		{6EEEB2DD-6C30-4567-9673-6219ADEC05F3} = {8A01FF9F-F687-4FA2-9059-109F69EB053A}
		{5AAABEF6-D447-4FEB-86FB-B22D7FD2ADC4} = {8A01FF9F-F687-4FA2-9059-109F69EB053A}
	EndGlobalSection
	GlobalSection(ExtensibilityGlobals) = postSolution
		SolutionGuid = {AC580F92-911F-4410-AA48-366A1729C513}
	EndGlobalSection
EndGlobal
