
Microsoft Visual Studio Solution File, Format Version 12.00
# Visual Studio Version 17
VisualStudioVersion = 17.7.34031.279
MinimumVisualStudioVersion = 10.0.40219.1
Project("{2150E333-8FDC-42A3-9474-1A3956D46DE8}") = "callback", "callback", "{F474D581-B35C-4616-86C8-15568871AAAA}"
EndProject
Project("{8BC9CEB8-8B4A-11D0-8D11-00A0C91BC942}") = "test_callback", "project\test_callback\test_callback.vcxproj", "{EC3837BC-8528-4FE9-9B3E-E9060AADC573}"
	ProjectSection(ProjectDependencies) = postProject
		{A41A59E2-B015-40AD-8E2C-8CFCFDFECE29} = {A41A59E2-B015-40AD-8E2C-8CFCFDFECE29}
	EndProjectSection
EndProject
Project("{8BC9CEB8-8B4A-11D0-8D11-00A0C91BC942}") = "test_callback_dll", "project\test_callback_dll\test_callback_dll.vcxproj", "{A41A59E2-B015-40AD-8E2C-8CFCFDFECE29}"
EndProject
Global
	GlobalSection(SolutionConfigurationPlatforms) = preSolution
		Release|x64 = Release|x64
		Release|x86 = Release|x86
	EndGlobalSection
	GlobalSection(ProjectConfigurationPlatforms) = postSolution
		{EC3837BC-8528-4FE9-9B3E-E9060AADC573}.Release|x64.ActiveCfg = Release|x64
		{EC3837BC-8528-4FE9-9B3E-E9060AADC573}.Release|x64.Build.0 = Release|x64
		{EC3837BC-8528-4FE9-9B3E-E9060AADC573}.Release|x86.ActiveCfg = Release|Win32
		{EC3837BC-8528-4FE9-9B3E-E9060AADC573}.Release|x86.Build.0 = Release|Win32
		{A41A59E2-B015-40AD-8E2C-8CFCFDFECE29}.Release|x64.ActiveCfg = Release|x64
		{A41A59E2-B015-40AD-8E2C-8CFCFDFECE29}.Release|x64.Build.0 = Release|x64
		{A41A59E2-B015-40AD-8E2C-8CFCFDFECE29}.Release|x86.ActiveCfg = Release|Win32
		{A41A59E2-B015-40AD-8E2C-8CFCFDFECE29}.Release|x86.Build.0 = Release|Win32
	EndGlobalSection
	GlobalSection(SolutionProperties) = preSolution
		HideSolutionNode = FALSE
	EndGlobalSection
	GlobalSection(NestedProjects) = preSolution
		{EC3837BC-8528-4FE9-9B3E-E9060AADC573} = {F474D581-B35C-4616-86C8-15568871AAAA}
		{A41A59E2-B015-40AD-8E2C-8CFCFDFECE29} = {F474D581-B35C-4616-86C8-15568871AAAA}
	EndGlobalSection
	GlobalSection(ExtensibilityGlobals) = postSolution
		SolutionGuid = {AC580F92-911F-4410-AA48-366A1729C513}
	EndGlobalSection
EndGlobal
